
Microsoft Visual Studio Solution File, Format Version 12.00
# Visual Studio 14
VisualStudioVersion = 14.0.25420.1
MinimumVisualStudioVersion = 10.0.40219.1
Project("{FAE04EC0-301F-11D3-BF4B-00C04F79EFBC}") = "MasGlobalTest.Data", "MasGlobalTest.Data\MasGlobalTest.Data.csproj", "{1F6C89D9-350B-4693-972C-5234A94EBCD2}"
EndProject
Project("{FAE04EC0-301F-11D3-BF4B-00C04F79EFBC}") = "MasGlobalTest.Models", "MasGlobalTest.Models\MasGlobalTest.Models.csproj", "{E4FA5878-7764-4F79-A074-93934737737B}"
EndProject
Project("{FAE04EC0-301F-11D3-BF4B-00C04F79EFBC}") = "MasGlobalTest.RestServiceClient", "MasGlobalTest.RestClient\MasGlobalTest.RestServiceClient.csproj", "{98472FDE-AA4B-4006-BC69-8FCA831082B4}"
EndProject
Project("{FAE04EC0-301F-11D3-BF4B-00C04F79EFBC}") = "MasGlobalTest.Business", "MasGlobalTest.Business\MasGlobalTest.Business.csproj", "{3845051E-D9A0-49DF-9D63-2805DA306427}"
EndProject
Project("{FAE04EC0-301F-11D3-BF4B-00C04F79EFBC}") = "MasGlobalTest.Web", "MasGlobalTest.Web\MasGlobalTest.Web.csproj", "{D2CF70C2-950C-4917-8D45-115CE1CAB64D}"
EndProject
Project("{FAE04EC0-301F-11D3-BF4B-00C04F79EFBC}") = "MasGlobalTest.Test", "MasGlobalTest.Test\MasGlobalTest.Test.csproj", "{49BB8099-6D3B-4987-B2BB-544FC2D7D293}"
EndProject
Global
	GlobalSection(SolutionConfigurationPlatforms) = preSolution
		Debug|Any CPU = Debug|Any CPU
		Release|Any CPU = Release|Any CPU
	EndGlobalSection
	GlobalSection(ProjectConfigurationPlatforms) = postSolution
		{1F6C89D9-350B-4693-972C-5234A94EBCD2}.Debug|Any CPU.ActiveCfg = Debug|Any CPU
		{1F6C89D9-350B-4693-972C-5234A94EBCD2}.Debug|Any CPU.Build.0 = Debug|Any CPU
		{1F6C89D9-350B-4693-972C-5234A94EBCD2}.Release|Any CPU.ActiveCfg = Release|Any CPU
		{1F6C89D9-350B-4693-972C-5234A94EBCD2}.Release|Any CPU.Build.0 = Release|Any CPU
		{E4FA5878-7764-4F79-A074-93934737737B}.Debug|Any CPU.ActiveCfg = Debug|Any CPU
		{E4FA5878-7764-4F79-A074-93934737737B}.Debug|Any CPU.Build.0 = Debug|Any CPU
		{E4FA5878-7764-4F79-A074-93934737737B}.Release|Any CPU.ActiveCfg = Release|Any CPU
		{E4FA5878-7764-4F79-A074-93934737737B}.Release|Any CPU.Build.0 = Release|Any CPU
		{98472FDE-AA4B-4006-BC69-8FCA831082B4}.Debug|Any CPU.ActiveCfg = Debug|Any CPU
		{98472FDE-AA4B-4006-BC69-8FCA831082B4}.Debug|Any CPU.Build.0 = Debug|Any CPU
		{98472FDE-AA4B-4006-BC69-8FCA831082B4}.Release|Any CPU.ActiveCfg = Release|Any CPU
		{98472FDE-AA4B-4006-BC69-8FCA831082B4}.Release|Any CPU.Build.0 = Release|Any CPU
		{3845051E-D9A0-49DF-9D63-2805DA306427}.Debug|Any CPU.ActiveCfg = Debug|Any CPU
		{3845051E-D9A0-49DF-9D63-2805DA306427}.Debug|Any CPU.Build.0 = Debug|Any CPU
		{3845051E-D9A0-49DF-9D63-2805DA306427}.Release|Any CPU.ActiveCfg = Release|Any CPU
		{3845051E-D9A0-49DF-9D63-2805DA306427}.Release|Any CPU.Build.0 = Release|Any CPU
		{D2CF70C2-950C-4917-8D45-115CE1CAB64D}.Debug|Any CPU.ActiveCfg = Debug|Any CPU
		{D2CF70C2-950C-4917-8D45-115CE1CAB64D}.Debug|Any CPU.Build.0 = Debug|Any CPU
		{D2CF70C2-950C-4917-8D45-115CE1CAB64D}.Release|Any CPU.ActiveCfg = Release|Any CPU
		{D2CF70C2-950C-4917-8D45-115CE1CAB64D}.Release|Any CPU.Build.0 = Release|Any CPU
		{49BB8099-6D3B-4987-B2BB-544FC2D7D293}.Debug|Any CPU.ActiveCfg = Debug|Any CPU
		{49BB8099-6D3B-4987-B2BB-544FC2D7D293}.Debug|Any CPU.Build.0 = Debug|Any CPU
		{49BB8099-6D3B-4987-B2BB-544FC2D7D293}.Release|Any CPU.ActiveCfg = Release|Any CPU
		{49BB8099-6D3B-4987-B2BB-544FC2D7D293}.Release|Any CPU.Build.0 = Release|Any CPU
	EndGlobalSection
	GlobalSection(SolutionProperties) = preSolution
		HideSolutionNode = FALSE
	EndGlobalSection
EndGlobal
